// !$*UTF8*$!
{
	archiveVersion = 1;
	classes = {
	};
	objectVersion = 45;
	objects = {

/* Begin PBXBuildFile section */
		1141FDF21EEFF6DD00CA5B30 /* TouchButton.m in Sources */ = {isa = PBXBuildFile; fileRef = 1141FDF11EEFF6DD00CA5B30 /* TouchButton.m */; };
		11B86E521EDE9B4D0069D254 /* AppDelegate.m in Sources */ = {isa = PBXBuildFile; fileRef = 11B86E511EDE9B4D0069D254 /* AppDelegate.m */; };
		11B86E551EDE9B4D0069D254 /* main.m in Sources */ = {isa = PBXBuildFile; fileRef = 11B86E541EDE9B4D0069D254 /* main.m */; };
		11B86E581EDE9B4D0069D254 /* ViewController.m in Sources */ = {isa = PBXBuildFile; fileRef = 11B86E571EDE9B4D0069D254 /* ViewController.m */; };
		11B86E5A1EDE9B4D0069D254 /* Assets.xcassets in Resources */ = {isa = PBXBuildFile; fileRef = 11B86E591EDE9B4D0069D254 /* Assets.xcassets */; };
		11B86E5D1EDE9B4D0069D254 /* Main.storyboard in Resources */ = {isa = PBXBuildFile; fileRef = 11B86E5B1EDE9B4D0069D254 /* Main.storyboard */; };
		11B86E661EDE9BD00069D254 /* DFRFoundation.framework in Frameworks */ = {isa = PBXBuildFile; fileRef = 11B86E651EDE9BD00069D254 /* DFRFoundation.framework */; };
		11B86E981EDEC6720069D254 /* ServiceManagement.framework in Frameworks */ = {isa = PBXBuildFile; fileRef = 11B86E921EDEAD1D0069D254 /* ServiceManagement.framework */; };
		D53AAC71205497DB00767C9A /* ClickableTextField.m in Sources */ = {isa = PBXBuildFile; fileRef = D53AAC70205497DB00767C9A /* ClickableTextField.m */; };
		D53E002C2054A19A001625A6 /* clock-64.png in Resources */ = {isa = PBXBuildFile; fileRef = D53E002B2054A19A001625A6 /* clock-64.png */; };
		D53E00302054A1B1001625A6 /* clock-64.png in Resources */ = {isa = PBXBuildFile; fileRef = D53E002F2054A1B1001625A6 /* clock-64.png */; };
		D5A462752054B17B00E8B47E /* Clock Launcher.app in CopyFiles */ = {isa = PBXBuildFile; fileRef = D5A462652054B06B00E8B47E /* Clock Launcher.app */; settings = {ATTRIBUTES = (RemoveHeadersOnCopy, ); }; };
/* End PBXBuildFile section */

/* Begin PBXContainerItemProxy section */
		D5A462642054B06B00E8B47E /* PBXContainerItemProxy */ = {
			isa = PBXContainerItemProxy;
			containerPortal = D5A462602054B06B00E8B47E /* Clock Launcher.xcodeproj */;
			proxyType = 2;
			remoteGlobalIDString = 11B86E751EDEAC970069D254;
			remoteInfo = "Clock Launcher";
		};
		D5A462732054B17500E8B47E /* PBXContainerItemProxy */ = {
			isa = PBXContainerItemProxy;
			containerPortal = D5A462602054B06B00E8B47E /* Clock Launcher.xcodeproj */;
			proxyType = 1;
			remoteGlobalIDString = 11B86E741EDEAC970069D254;
			remoteInfo = "Clock Launcher";
		};
/* End PBXContainerItemProxy section */

/* Begin PBXCopyFilesBuildPhase section */
		11B86E941EDEAD980069D254 /* CopyFiles */ = {
			isa = PBXCopyFilesBuildPhase;
			buildActionMask = 2147483647;
			dstPath = Contents/Library/LoginItems;
			dstSubfolderSpec = 1;
			files = (
				D5A462752054B17B00E8B47E /* Clock Launcher.app in CopyFiles */,
			);
			runOnlyForDeploymentPostprocessing = 0;
		};
/* End PBXCopyFilesBuildPhase section */

/* Begin PBXFileReference section */
		1141FDF01EEFF6DD00CA5B30 /* TouchButton.h */ = {isa = PBXFileReference; fileEncoding = 4; lastKnownFileType = sourcecode.c.h; path = TouchButton.h; sourceTree = "<group>"; };
		1141FDF11EEFF6DD00CA5B30 /* TouchButton.m */ = {isa = PBXFileReference; fileEncoding = 4; lastKnownFileType = sourcecode.c.objc; path = TouchButton.m; sourceTree = "<group>"; };
		1141FDF51EEFFA0000CA5B30 /* TouchDelegate.h */ = {isa = PBXFileReference; fileEncoding = 4; lastKnownFileType = sourcecode.c.h; path = TouchDelegate.h; sourceTree = "<group>"; };
		11B86E4D1EDE9B4D0069D254 /* Clock Bar.app */ = {isa = PBXFileReference; explicitFileType = wrapper.application; includeInIndex = 0; path = "Clock Bar.app"; sourceTree = BUILT_PRODUCTS_DIR; };
		11B86E501EDE9B4D0069D254 /* AppDelegate.h */ = {isa = PBXFileReference; lastKnownFileType = sourcecode.c.h; path = AppDelegate.h; sourceTree = "<group>"; };
		11B86E511EDE9B4D0069D254 /* AppDelegate.m */ = {isa = PBXFileReference; lastKnownFileType = sourcecode.c.objc; path = AppDelegate.m; sourceTree = "<group>"; };
		11B86E541EDE9B4D0069D254 /* main.m */ = {isa = PBXFileReference; lastKnownFileType = sourcecode.c.objc; path = main.m; sourceTree = "<group>"; };
		11B86E561EDE9B4D0069D254 /* ViewController.h */ = {isa = PBXFileReference; lastKnownFileType = sourcecode.c.h; path = ViewController.h; sourceTree = "<group>"; };
		11B86E571EDE9B4D0069D254 /* ViewController.m */ = {isa = PBXFileReference; lastKnownFileType = sourcecode.c.objc; path = ViewController.m; sourceTree = "<group>"; };
		11B86E591EDE9B4D0069D254 /* Assets.xcassets */ = {isa = PBXFileReference; lastKnownFileType = folder.assetcatalog; path = Assets.xcassets; sourceTree = "<group>"; };
		11B86E5C1EDE9B4D0069D254 /* Base */ = {isa = PBXFileReference; lastKnownFileType = file.storyboard; name = Base; path = Base.lproj/Main.storyboard; sourceTree = "<group>"; };
		11B86E5E1EDE9B4D0069D254 /* Info.plist */ = {isa = PBXFileReference; lastKnownFileType = text.plist.xml; path = Info.plist; sourceTree = "<group>"; };
		11B86E651EDE9BD00069D254 /* DFRFoundation.framework */ = {isa = PBXFileReference; lastKnownFileType = wrapper.framework; name = DFRFoundation.framework; path = ../../../../../../System/Library/PrivateFrameworks/DFRFoundation.framework; sourceTree = "<group>"; };
		11B86E671EDE9CDC0069D254 /* TouchBar.h */ = {isa = PBXFileReference; fileEncoding = 4; lastKnownFileType = sourcecode.c.h; path = TouchBar.h; sourceTree = "<group>"; };
		11B86E921EDEAD1D0069D254 /* ServiceManagement.framework */ = {isa = PBXFileReference; lastKnownFileType = wrapper.framework; name = ServiceManagement.framework; path = System/Library/Frameworks/ServiceManagement.framework; sourceTree = SDKROOT; };
		11B86E9A1EDECB3F0069D254 /* Clock Bar App.entitlements */ = {isa = PBXFileReference; lastKnownFileType = text.plist.entitlements; path = "Clock Bar App.entitlements"; sourceTree = "<group>"; };
		D53AAC6F205497C200767C9A /* ClickableTextField.h */ = {isa = PBXFileReference; lastKnownFileType = sourcecode.c.h; path = ClickableTextField.h; sourceTree = "<group>"; };
		D53AAC70205497DB00767C9A /* ClickableTextField.m */ = {isa = PBXFileReference; lastKnownFileType = sourcecode.c.objc; path = ClickableTextField.m; sourceTree = "<group>"; };
		D53C8A03205510EF00EAAA3D /* Clock Bar.entitlements */ = {isa = PBXFileReference; lastKnownFileType = text.plist.entitlements; path = "Clock Bar.entitlements"; sourceTree = "<group>"; };
		D53E002B2054A19A001625A6 /* clock-64.png */ = {isa = PBXFileReference; lastKnownFileType = image.png; path = "clock-64.png"; sourceTree = "<group>"; };
		D53E002F2054A1B1001625A6 /* clock-64.png */ = {isa = PBXFileReference; lastKnownFileType = image.png; path = "clock-64.png"; sourceTree = "<group>"; };
		D5A462602054B06B00E8B47E /* Clock Launcher.xcodeproj */ = {isa = PBXFileReference; lastKnownFileType = "wrapper.pb-project"; name = "Clock Launcher.xcodeproj"; path = "Clock Bar App/Clock Launcher/Clock Launcher.xcodeproj"; sourceTree = "<group>"; };
/* End PBXFileReference section */

/* Begin PBXFrameworksBuildPhase section */
		11B86E4A1EDE9B4D0069D254 /* Frameworks */ = {
			isa = PBXFrameworksBuildPhase;
			buildActionMask = 2147483647;
			files = (
				11B86E981EDEC6720069D254 /* ServiceManagement.framework in Frameworks */,
				11B86E661EDE9BD00069D254 /* DFRFoundation.framework in Frameworks */,
			);
			runOnlyForDeploymentPostprocessing = 0;
		};
/* End PBXFrameworksBuildPhase section */

/* Begin PBXGroup section */
		11B86E441EDE9B4C0069D254 = {
			isa = PBXGroup;
			children = (
				D53C8A03205510EF00EAAA3D /* Clock Bar.entitlements */,
				D5A462602054B06B00E8B47E /* Clock Launcher.xcodeproj */,
				D53E002B2054A19A001625A6 /* clock-64.png */,
				5D4763251F0562F2005E8DB0 /* Graphics */,
				11B86E4F1EDE9B4D0069D254 /* Clock Bar App */,
				11B86E4E1EDE9B4D0069D254 /* Products */,
				11B86E641EDE9BD00069D254 /* Frameworks */,
			);
			sourceTree = "<group>";
		};
		11B86E4E1EDE9B4D0069D254 /* Products */ = {
			isa = PBXGroup;
			children = (
				11B86E4D1EDE9B4D0069D254 /* Clock Bar.app */,
			);
			name = Products;
			sourceTree = "<group>";
		};
		11B86E4F1EDE9B4D0069D254 /* Clock Bar App */ = {
			isa = PBXGroup;
			children = (
				D53E002F2054A1B1001625A6 /* clock-64.png */,
				11B86E9A1EDECB3F0069D254 /* Clock Bar App.entitlements */,
				11B86E501EDE9B4D0069D254 /* AppDelegate.h */,
				11B86E511EDE9B4D0069D254 /* AppDelegate.m */,
				11B86E561EDE9B4D0069D254 /* ViewController.h */,
				11B86E571EDE9B4D0069D254 /* ViewController.m */,
				11B86E591EDE9B4D0069D254 /* Assets.xcassets */,
				11B86E5B1EDE9B4D0069D254 /* Main.storyboard */,
				11B86E5E1EDE9B4D0069D254 /* Info.plist */,
				11B86E531EDE9B4D0069D254 /* Supporting Files */,
				11B86E671EDE9CDC0069D254 /* TouchBar.h */,
				1141FDF01EEFF6DD00CA5B30 /* TouchButton.h */,
				1141FDF11EEFF6DD00CA5B30 /* TouchButton.m */,
				1141FDF51EEFFA0000CA5B30 /* TouchDelegate.h */,
				D53AAC6F205497C200767C9A /* ClickableTextField.h */,
				D53AAC70205497DB00767C9A /* ClickableTextField.m */,
			);
			path = "Clock Bar App";
			sourceTree = "<group>";
		};
		11B86E531EDE9B4D0069D254 /* Supporting Files */ = {
			isa = PBXGroup;
			children = (
				11B86E541EDE9B4D0069D254 /* main.m */,
			);
			name = "Supporting Files";
			sourceTree = "<group>";
		};
		11B86E641EDE9BD00069D254 /* Frameworks */ = {
			isa = PBXGroup;
			children = (
				11B86E921EDEAD1D0069D254 /* ServiceManagement.framework */,
				11B86E651EDE9BD00069D254 /* DFRFoundation.framework */,
			);
			name = Frameworks;
			sourceTree = "<group>";
		};
		5D4763251F0562F2005E8DB0 /* Graphics */ = {
			isa = PBXGroup;
			children = (
			);
			name = Graphics;
			sourceTree = "<group>";
		};
		D5A462612054B06B00E8B47E /* Products */ = {
			isa = PBXGroup;
			children = (
				D5A462652054B06B00E8B47E /* Clock Launcher.app */,
			);
			name = Products;
			sourceTree = "<group>";
		};
/* End PBXGroup section */

/* Begin PBXNativeTarget section */
		11B86E4C1EDE9B4D0069D254 /* Clock Bar */ = {
			isa = PBXNativeTarget;
			buildConfigurationList = 11B86E611EDE9B4D0069D254 /* Build configuration list for PBXNativeTarget "Clock Bar" */;
			buildPhases = (
				11B86E491EDE9B4D0069D254 /* Sources */,
				11B86E4A1EDE9B4D0069D254 /* Frameworks */,
				11B86E4B1EDE9B4D0069D254 /* Resources */,
				11B86E941EDEAD980069D254 /* CopyFiles */,
			);
			buildRules = (
			);
			dependencies = (
				D5A462742054B17500E8B47E /* PBXTargetDependency */,
			);
			name = "Clock Bar";
			productName = "Mute Me Now";
			productReference = 11B86E4D1EDE9B4D0069D254 /* Clock Bar.app */;
			productType = "com.apple.product-type.application";
		};
/* End PBXNativeTarget section */

/* Begin PBXProject section */
		11B86E451EDE9B4C0069D254 /* Project object */ = {
			isa = PBXProject;
			attributes = {
				LastUpgradeCheck = 0930;
				ORGANIZATIONNAME = Nihalsharma;
				TargetAttributes = {
					11B86E4C1EDE9B4D0069D254 = {
						CreatedOnToolsVersion = 8.3.1;
						ProvisioningStyle = Automatic;
						SystemCapabilities = {
							com.apple.Sandbox = {
								enabled = 1;
							};
						};
					};
				};
			};
			buildConfigurationList = 11B86E481EDE9B4C0069D254 /* Build configuration list for PBXProject "Clock Bar" */;
			compatibilityVersion = "Xcode 3.1";
			developmentRegion = English;
			hasScannedForEncodings = 0;
			knownRegions = (
				en,
				Base,
			);
			mainGroup = 11B86E441EDE9B4C0069D254;
			productRefGroup = 11B86E4E1EDE9B4D0069D254 /* Products */;
			projectDirPath = "";
			projectReferences = (
				{
					ProductGroup = D5A462612054B06B00E8B47E /* Products */;
					ProjectRef = D5A462602054B06B00E8B47E /* Clock Launcher.xcodeproj */;
				},
			);
			projectRoot = "";
			targets = (
				11B86E4C1EDE9B4D0069D254 /* Clock Bar */,
			);
		};
/* End PBXProject section */

/* Begin PBXReferenceProxy section */
		D5A462652054B06B00E8B47E /* Clock Launcher.app */ = {
			isa = PBXReferenceProxy;
			fileType = wrapper.application;
			path = "Clock Launcher.app";
			remoteRef = D5A462642054B06B00E8B47E /* PBXContainerItemProxy */;
			sourceTree = BUILT_PRODUCTS_DIR;
		};
/* End PBXReferenceProxy section */

/* Begin PBXResourcesBuildPhase section */
		11B86E4B1EDE9B4D0069D254 /* Resources */ = {
			isa = PBXResourcesBuildPhase;
			buildActionMask = 2147483647;
			files = (
				D53E00302054A1B1001625A6 /* clock-64.png in Resources */,
				D53E002C2054A19A001625A6 /* clock-64.png in Resources */,
				11B86E5A1EDE9B4D0069D254 /* Assets.xcassets in Resources */,
				11B86E5D1EDE9B4D0069D254 /* Main.storyboard in Resources */,
			);
			runOnlyForDeploymentPostprocessing = 0;
		};
/* End PBXResourcesBuildPhase section */

/* Begin PBXSourcesBuildPhase section */
		11B86E491EDE9B4D0069D254 /* Sources */ = {
			isa = PBXSourcesBuildPhase;
			buildActionMask = 2147483647;
			files = (
				1141FDF21EEFF6DD00CA5B30 /* TouchButton.m in Sources */,
				11B86E581EDE9B4D0069D254 /* ViewController.m in Sources */,
				D53AAC71205497DB00767C9A /* ClickableTextField.m in Sources */,
				11B86E551EDE9B4D0069D254 /* main.m in Sources */,
				11B86E521EDE9B4D0069D254 /* AppDelegate.m in Sources */,
			);
			runOnlyForDeploymentPostprocessing = 0;
		};
/* End PBXSourcesBuildPhase section */

/* Begin PBXTargetDependency section */
		D5A462742054B17500E8B47E /* PBXTargetDependency */ = {
			isa = PBXTargetDependency;
			name = "Clock Launcher";
			targetProxy = D5A462732054B17500E8B47E /* PBXContainerItemProxy */;
		};
/* End PBXTargetDependency section */

/* Begin PBXVariantGroup section */
		11B86E5B1EDE9B4D0069D254 /* Main.storyboard */ = {
			isa = PBXVariantGroup;
			children = (
				11B86E5C1EDE9B4D0069D254 /* Base */,
			);
			name = Main.storyboard;
			sourceTree = "<group>";
		};
/* End PBXVariantGroup section */

/* Begin XCBuildConfiguration section */
		11B86E5F1EDE9B4D0069D254 /* Debug */ = {
			isa = XCBuildConfiguration;
			buildSettings = {
				ALWAYS_SEARCH_USER_PATHS = NO;
				CLANG_ANALYZER_NONNULL = YES;
				CLANG_ANALYZER_NUMBER_OBJECT_CONVERSION = YES_AGGRESSIVE;
				CLANG_CXX_LANGUAGE_STANDARD = "gnu++0x";
				CLANG_CXX_LIBRARY = "libc++";
				CLANG_ENABLE_MODULES = YES;
				CLANG_ENABLE_OBJC_ARC = YES;
				CLANG_WARN_BLOCK_CAPTURE_AUTORELEASING = YES;
				CLANG_WARN_BOOL_CONVERSION = YES;
				CLANG_WARN_COMMA = YES;
				CLANG_WARN_CONSTANT_CONVERSION = YES;
				CLANG_WARN_DEPRECATED_OBJC_IMPLEMENTATIONS = YES;
				CLANG_WARN_DIRECT_OBJC_ISA_USAGE = YES_ERROR;
				CLANG_WARN_DOCUMENTATION_COMMENTS = YES;
				CLANG_WARN_EMPTY_BODY = YES;
				CLANG_WARN_ENUM_CONVERSION = YES;
				CLANG_WARN_INFINITE_RECURSION = YES;
				CLANG_WARN_INT_CONVERSION = YES;
				CLANG_WARN_NON_LITERAL_NULL_CONVERSION = YES;
				CLANG_WARN_OBJC_IMPLICIT_RETAIN_SELF = YES;
				CLANG_WARN_OBJC_LITERAL_CONVERSION = YES;
				CLANG_WARN_OBJC_ROOT_CLASS = YES_ERROR;
				CLANG_WARN_RANGE_LOOP_ANALYSIS = YES;
				CLANG_WARN_STRICT_PROTOTYPES = YES;
				CLANG_WARN_SUSPICIOUS_MOVE = YES;
				CLANG_WARN_UNREACHABLE_CODE = YES;
				CLANG_WARN__DUPLICATE_METHOD_MATCH = YES;
				CODE_SIGN_IDENTITY = "Mac Developer: jansendfuller@mailfence.com (X4Z67NJS68)";
				COPY_PHASE_STRIP = NO;
				DEBUG_INFORMATION_FORMAT = dwarf;
				DEVELOPMENT_TEAM = 23L5K5T92W;
				ENABLE_STRICT_OBJC_MSGSEND = YES;
				ENABLE_TESTABILITY = YES;
				GCC_C_LANGUAGE_STANDARD = gnu99;
				GCC_DYNAMIC_NO_PIC = NO;
				GCC_NO_COMMON_BLOCKS = YES;
				GCC_OPTIMIZATION_LEVEL = 0;
				GCC_PREPROCESSOR_DEFINITIONS = (
					"DEBUG=1",
					"$(inherited)",
				);
				GCC_WARN_64_TO_32_BIT_CONVERSION = YES;
				GCC_WARN_ABOUT_RETURN_TYPE = YES_ERROR;
				GCC_WARN_UNDECLARED_SELECTOR = YES;
				GCC_WARN_UNINITIALIZED_AUTOS = YES_AGGRESSIVE;
				GCC_WARN_UNUSED_FUNCTION = YES;
				GCC_WARN_UNUSED_VARIABLE = YES;
				MACOSX_DEPLOYMENT_TARGET = 10.12;
				MTL_ENABLE_DEBUG_INFO = YES;
				ONLY_ACTIVE_ARCH = YES;
				SDKROOT = macosx;
			};
			name = Debug;
		};
		11B86E601EDE9B4D0069D254 /* Release */ = {
			isa = XCBuildConfiguration;
			buildSettings = {
				ALWAYS_SEARCH_USER_PATHS = NO;
				CLANG_ANALYZER_NONNULL = YES;
				CLANG_ANALYZER_NUMBER_OBJECT_CONVERSION = YES_AGGRESSIVE;
				CLANG_CXX_LANGUAGE_STANDARD = "gnu++0x";
				CLANG_CXX_LIBRARY = "libc++";
				CLANG_ENABLE_MODULES = YES;
				CLANG_ENABLE_OBJC_ARC = YES;
				CLANG_WARN_BLOCK_CAPTURE_AUTORELEASING = YES;
				CLANG_WARN_BOOL_CONVERSION = YES;
				CLANG_WARN_COMMA = YES;
				CLANG_WARN_CONSTANT_CONVERSION = YES;
				CLANG_WARN_DEPRECATED_OBJC_IMPLEMENTATIONS = YES;
				CLANG_WARN_DIRECT_OBJC_ISA_USAGE = YES_ERROR;
				CLANG_WARN_DOCUMENTATION_COMMENTS = YES;
				CLANG_WARN_EMPTY_BODY = YES;
				CLANG_WARN_ENUM_CONVERSION = YES;
				CLANG_WARN_INFINITE_RECURSION = YES;
				CLANG_WARN_INT_CONVERSION = YES;
				CLANG_WARN_NON_LITERAL_NULL_CONVERSION = YES;
				CLANG_WARN_OBJC_IMPLICIT_RETAIN_SELF = YES;
				CLANG_WARN_OBJC_LITERAL_CONVERSION = YES;
				CLANG_WARN_OBJC_ROOT_CLASS = YES_ERROR;
				CLANG_WARN_RANGE_LOOP_ANALYSIS = YES;
				CLANG_WARN_STRICT_PROTOTYPES = YES;
				CLANG_WARN_SUSPICIOUS_MOVE = YES;
				CLANG_WARN_UNREACHABLE_CODE = YES;
				CLANG_WARN__DUPLICATE_METHOD_MATCH = YES;
				CODE_SIGN_IDENTITY = "Mac Developer: jansendfuller@mailfence.com (X4Z67NJS68)";
				COPY_PHASE_STRIP = NO;
				DEBUG_INFORMATION_FORMAT = "dwarf-with-dsym";
				DEVELOPMENT_TEAM = 23L5K5T92W;
				ENABLE_NS_ASSERTIONS = NO;
				ENABLE_STRICT_OBJC_MSGSEND = YES;
				GCC_C_LANGUAGE_STANDARD = gnu99;
				GCC_NO_COMMON_BLOCKS = YES;
				GCC_WARN_64_TO_32_BIT_CONVERSION = YES;
				GCC_WARN_ABOUT_RETURN_TYPE = YES_ERROR;
				GCC_WARN_UNDECLARED_SELECTOR = YES;
				GCC_WARN_UNINITIALIZED_AUTOS = YES_AGGRESSIVE;
				GCC_WARN_UNUSED_FUNCTION = YES;
				GCC_WARN_UNUSED_VARIABLE = YES;
				MACOSX_DEPLOYMENT_TARGET = 10.12;
				MTL_ENABLE_DEBUG_INFO = NO;
				SDKROOT = macosx;
			};
			name = Release;
		};
		11B86E621EDE9B4D0069D254 /* Debug */ = {
			isa = XCBuildConfiguration;
			buildSettings = {
				ASSETCATALOG_COMPILER_APPICON_NAME = AppIcon;
				CODE_SIGN_ENTITLEMENTS = "Clock Bar.entitlements";
				CODE_SIGN_IDENTITY = "Mac Developer";
				COMBINE_HIDPI_IMAGES = YES;
				DEVELOPMENT_TEAM = 23L5K5T92W;
				FRAMEWORK_SEARCH_PATHS = (
					"$(inherited)",
					"$(SYSTEM_LIBRARY_DIR)/PrivateFrameworks",
				);
				INFOPLIST_FILE = "Clock Bar App/Info.plist";
				LD_RUNPATH_SEARCH_PATHS = "$(inherited) @executable_path/../Frameworks";
				MACOSX_DEPLOYMENT_TARGET = 10.12;
				PRODUCT_BUNDLE_IDENTIFIER = "nihalsharma.clock-bar";
				PRODUCT_NAME = "$(TARGET_NAME)";
				PROVISIONING_PROFILE_SPECIFIER = "";
			};
			name = Debug;
		};
		11B86E631EDE9B4D0069D254 /* Release */ = {
			isa = XCBuildConfiguration;
			buildSettings = {
				ASSETCATALOG_COMPILER_APPICON_NAME = AppIcon;
				CODE_SIGN_ENTITLEMENTS = "Clock Bar.entitlements";
				CODE_SIGN_IDENTITY = "Mac Developer";
				COMBINE_HIDPI_IMAGES = YES;
				DEVELOPMENT_TEAM = 23L5K5T92W;
				FRAMEWORK_SEARCH_PATHS = (
					"$(inherited)",
					"$(SYSTEM_LIBRARY_DIR)/PrivateFrameworks",
				);
				INFOPLIST_FILE = "Clock Bar App/Info.plist";
				LD_RUNPATH_SEARCH_PATHS = "$(inherited) @executable_path/../Frameworks";
				MACOSX_DEPLOYMENT_TARGET = 10.12;
				PRODUCT_BUNDLE_IDENTIFIER = "nihalsharma.clock-bar";
				PRODUCT_NAME = "$(TARGET_NAME)";
				PROVISIONING_PROFILE_SPECIFIER = "";
			};
			name = Release;
		};
/* End XCBuildConfiguration section */

/* Begin XCConfigurationList section */
		11B86E481EDE9B4C0069D254 /* Build configuration list for PBXProject "Clock Bar" */ = {
			isa = XCConfigurationList;
			buildConfigurations = (
				11B86E5F1EDE9B4D0069D254 /* Debug */,
				11B86E601EDE9B4D0069D254 /* Release */,
			);
			defaultConfigurationIsVisible = 0;
			defaultConfigurationName = Release;
		};
		11B86E611EDE9B4D0069D254 /* Build configuration list for PBXNativeTarget "Clock Bar" */ = {
			isa = XCConfigurationList;
			buildConfigurations = (
				11B86E621EDE9B4D0069D254 /* Debug */,
				11B86E631EDE9B4D0069D254 /* Release */,
			);
			defaultConfigurationIsVisible = 0;
			defaultConfigurationName = Release;
		};
/* End XCConfigurationList section */
	};
	rootObject = 11B86E451EDE9B4C0069D254 /* Project object */;
}
